// !$*UTF8*$!
{
	archiveVersion = 1;
	classes = {
	};
	objectVersion = 56;
	objects = {

/* Begin PBXBuildFile section */
		94DC4AA029B51E6B00D83D6C /* AppDelegate.swift in Sources */ = {isa = PBXBuildFile; fileRef = 94DC4A9F29B51E6B00D83D6C /* AppDelegate.swift */; };
		94DC4AA229B51E6B00D83D6C /* SceneDelegate.swift in Sources */ = {isa = PBXBuildFile; fileRef = 94DC4AA129B51E6B00D83D6C /* SceneDelegate.swift */; };
		94DC4AA429B51E6B00D83D6C /* RootViewController.swift in Sources */ = {isa = PBXBuildFile; fileRef = 94DC4AA329B51E6B00D83D6C /* RootViewController.swift */; };
		94DC4AA929B51E6C00D83D6C /* Assets.xcassets in Resources */ = {isa = PBXBuildFile; fileRef = 94DC4AA829B51E6C00D83D6C /* Assets.xcassets */; };
		94DC4AAC29B51E6C00D83D6C /* LaunchScreen.storyboard in Resources */ = {isa = PBXBuildFile; fileRef = 94DC4AAA29B51E6C00D83D6C /* LaunchScreen.storyboard */; };
		94DC4AB729B51E6C00D83D6C /* RickAndMortyProtocolTests.swift in Sources */ = {isa = PBXBuildFile; fileRef = 94DC4AB629B51E6C00D83D6C /* RickAndMortyProtocolTests.swift */; };
		94DC4AC129B51E6C00D83D6C /* RickAndMortyProtocolUITests.swift in Sources */ = {isa = PBXBuildFile; fileRef = 94DC4AC029B51E6C00D83D6C /* RickAndMortyProtocolUITests.swift */; };
		94DC4AC329B51E6C00D83D6C /* RickAndMortyProtocolUITestsLaunchTests.swift in Sources */ = {isa = PBXBuildFile; fileRef = 94DC4AC229B51E6C00D83D6C /* RickAndMortyProtocolUITestsLaunchTests.swift */; };
		94DC4AD229B51EEA00D83D6C /* RickAndMortyService.swift in Sources */ = {isa = PBXBuildFile; fileRef = 94DC4AD129B51EEA00D83D6C /* RickAndMortyService.swift */; };
		94DC4AD529B5216100D83D6C /* RickAndMortyModel.swift in Sources */ = {isa = PBXBuildFile; fileRef = 94DC4AD429B5216100D83D6C /* RickAndMortyModel.swift */; };
		94DC4AD829B522ED00D83D6C /* RootViewModel.swift in Sources */ = {isa = PBXBuildFile; fileRef = 94DC4AD729B522ED00D83D6C /* RootViewModel.swift */; };
		94DC4B6D29BDEC6D00D83D6C /* RickAndMortyTableViewCell.swift in Sources */ = {isa = PBXBuildFile; fileRef = 94DC4B6C29BDEC6D00D83D6C /* RickAndMortyTableViewCell.swift */; };
		94DC4B6F29BDEEEA00D83D6C /* UIView+Ext.swift in Sources */ = {isa = PBXBuildFile; fileRef = 94DC4B6E29BDEEEA00D83D6C /* UIView+Ext.swift */; };
		94DC4B7229BDF1A900D83D6C /* Kingfisher in Frameworks */ = {isa = PBXBuildFile; productRef = 94DC4B7129BDF1A900D83D6C /* Kingfisher */; };
		94DC4B7629BE018300D83D6C /* DetailViewController.swift in Sources */ = {isa = PBXBuildFile; fileRef = 94DC4B7529BE018300D83D6C /* DetailViewController.swift */; };
		94DC4B7829BE094F00D83D6C /* DetailViewModel.swift in Sources */ = {isa = PBXBuildFile; fileRef = 94DC4B7729BE094F00D83D6C /* DetailViewModel.swift */; };
		94DC4B7A29BE0B2A00D83D6C /* RickAndMortyDetailModel.swift in Sources */ = {isa = PBXBuildFile; fileRef = 94DC4B7929BE0B2A00D83D6C /* RickAndMortyDetailModel.swift */; };
/* End PBXBuildFile section */

/* Begin PBXContainerItemProxy section */
		94DC4AB329B51E6C00D83D6C /* PBXContainerItemProxy */ = {
			isa = PBXContainerItemProxy;
			containerPortal = 94DC4A9429B51E6B00D83D6C /* Project object */;
			proxyType = 1;
			remoteGlobalIDString = 94DC4A9B29B51E6B00D83D6C;
			remoteInfo = RickAndMortyProtocol;
		};
		94DC4ABD29B51E6C00D83D6C /* PBXContainerItemProxy */ = {
			isa = PBXContainerItemProxy;
			containerPortal = 94DC4A9429B51E6B00D83D6C /* Project object */;
			proxyType = 1;
			remoteGlobalIDString = 94DC4A9B29B51E6B00D83D6C;
			remoteInfo = RickAndMortyProtocol;
		};
/* End PBXContainerItemProxy section */

/* Begin PBXFileReference section */
		94DC4A9C29B51E6B00D83D6C /* RickAndMortyProtocol.app */ = {isa = PBXFileReference; explicitFileType = wrapper.application; includeInIndex = 0; path = RickAndMortyProtocol.app; sourceTree = BUILT_PRODUCTS_DIR; };
		94DC4A9F29B51E6B00D83D6C /* AppDelegate.swift */ = {isa = PBXFileReference; lastKnownFileType = sourcecode.swift; path = AppDelegate.swift; sourceTree = "<group>"; };
		94DC4AA129B51E6B00D83D6C /* SceneDelegate.swift */ = {isa = PBXFileReference; lastKnownFileType = sourcecode.swift; path = SceneDelegate.swift; sourceTree = "<group>"; };
		94DC4AA329B51E6B00D83D6C /* RootViewController.swift */ = {isa = PBXFileReference; lastKnownFileType = sourcecode.swift; path = RootViewController.swift; sourceTree = "<group>"; };
		94DC4AA829B51E6C00D83D6C /* Assets.xcassets */ = {isa = PBXFileReference; lastKnownFileType = folder.assetcatalog; path = Assets.xcassets; sourceTree = "<group>"; };
		94DC4AAB29B51E6C00D83D6C /* Base */ = {isa = PBXFileReference; lastKnownFileType = file.storyboard; name = Base; path = Base.lproj/LaunchScreen.storyboard; sourceTree = "<group>"; };
		94DC4AAD29B51E6C00D83D6C /* Info.plist */ = {isa = PBXFileReference; lastKnownFileType = text.plist.xml; path = Info.plist; sourceTree = "<group>"; };
		94DC4AB229B51E6C00D83D6C /* RickAndMortyProtocolTests.xctest */ = {isa = PBXFileReference; explicitFileType = wrapper.cfbundle; includeInIndex = 0; path = RickAndMortyProtocolTests.xctest; sourceTree = BUILT_PRODUCTS_DIR; };
		94DC4AB629B51E6C00D83D6C /* RickAndMortyProtocolTests.swift */ = {isa = PBXFileReference; lastKnownFileType = sourcecode.swift; path = RickAndMortyProtocolTests.swift; sourceTree = "<group>"; };
		94DC4ABC29B51E6C00D83D6C /* RickAndMortyProtocolUITests.xctest */ = {isa = PBXFileReference; explicitFileType = wrapper.cfbundle; includeInIndex = 0; path = RickAndMortyProtocolUITests.xctest; sourceTree = BUILT_PRODUCTS_DIR; };
		94DC4AC029B51E6C00D83D6C /* RickAndMortyProtocolUITests.swift */ = {isa = PBXFileReference; lastKnownFileType = sourcecode.swift; path = RickAndMortyProtocolUITests.swift; sourceTree = "<group>"; };
		94DC4AC229B51E6C00D83D6C /* RickAndMortyProtocolUITestsLaunchTests.swift */ = {isa = PBXFileReference; lastKnownFileType = sourcecode.swift; path = RickAndMortyProtocolUITestsLaunchTests.swift; sourceTree = "<group>"; };
		94DC4AD129B51EEA00D83D6C /* RickAndMortyService.swift */ = {isa = PBXFileReference; lastKnownFileType = sourcecode.swift; path = RickAndMortyService.swift; sourceTree = "<group>"; };
		94DC4AD429B5216100D83D6C /* RickAndMortyModel.swift */ = {isa = PBXFileReference; lastKnownFileType = sourcecode.swift; path = RickAndMortyModel.swift; sourceTree = "<group>"; };
		94DC4AD729B522ED00D83D6C /* RootViewModel.swift */ = {isa = PBXFileReference; lastKnownFileType = sourcecode.swift; path = RootViewModel.swift; sourceTree = "<group>"; };
		94DC4B6C29BDEC6D00D83D6C /* RickAndMortyTableViewCell.swift */ = {isa = PBXFileReference; lastKnownFileType = sourcecode.swift; path = RickAndMortyTableViewCell.swift; sourceTree = "<group>"; };
		94DC4B6E29BDEEEA00D83D6C /* UIView+Ext.swift */ = {isa = PBXFileReference; lastKnownFileType = sourcecode.swift; path = "UIView+Ext.swift"; sourceTree = "<group>"; };
		94DC4B7529BE018300D83D6C /* DetailViewController.swift */ = {isa = PBXFileReference; lastKnownFileType = sourcecode.swift; path = DetailViewController.swift; sourceTree = "<group>"; };
		94DC4B7729BE094F00D83D6C /* DetailViewModel.swift */ = {isa = PBXFileReference; lastKnownFileType = sourcecode.swift; path = DetailViewModel.swift; sourceTree = "<group>"; };
		94DC4B7929BE0B2A00D83D6C /* RickAndMortyDetailModel.swift */ = {isa = PBXFileReference; lastKnownFileType = sourcecode.swift; path = RickAndMortyDetailModel.swift; sourceTree = "<group>"; };
/* End PBXFileReference section */

/* Begin PBXFrameworksBuildPhase section */
		94DC4A9929B51E6B00D83D6C /* Frameworks */ = {
			isa = PBXFrameworksBuildPhase;
			buildActionMask = 2147483647;
			files = (
				94DC4B7229BDF1A900D83D6C /* Kingfisher in Frameworks */,
			);
			runOnlyForDeploymentPostprocessing = 0;
		};
		94DC4AAF29B51E6C00D83D6C /* Frameworks */ = {
			isa = PBXFrameworksBuildPhase;
			buildActionMask = 2147483647;
			files = (
			);
			runOnlyForDeploymentPostprocessing = 0;
		};
		94DC4AB929B51E6C00D83D6C /* Frameworks */ = {
			isa = PBXFrameworksBuildPhase;
			buildActionMask = 2147483647;
			files = (
			);
			runOnlyForDeploymentPostprocessing = 0;
		};
/* End PBXFrameworksBuildPhase section */

/* Begin PBXGroup section */
		94DC4A9329B51E6B00D83D6C = {
			isa = PBXGroup;
			children = (
				94DC4A9E29B51E6B00D83D6C /* RickAndMortyProtocol */,
				94DC4AB529B51E6C00D83D6C /* RickAndMortyProtocolTests */,
				94DC4ABF29B51E6C00D83D6C /* RickAndMortyProtocolUITests */,
				94DC4A9D29B51E6B00D83D6C /* Products */,
			);
			sourceTree = "<group>";
		};
		94DC4A9D29B51E6B00D83D6C /* Products */ = {
			isa = PBXGroup;
			children = (
				94DC4A9C29B51E6B00D83D6C /* RickAndMortyProtocol.app */,
				94DC4AB229B51E6C00D83D6C /* RickAndMortyProtocolTests.xctest */,
				94DC4ABC29B51E6C00D83D6C /* RickAndMortyProtocolUITests.xctest */,
			);
			name = Products;
			sourceTree = "<group>";
		};
		94DC4A9E29B51E6B00D83D6C /* RickAndMortyProtocol */ = {
			isa = PBXGroup;
			children = (
				94DC4AD629B522DC00D83D6C /* ViewModels */,
				94DC4AD329B5215400D83D6C /* Models */,
				94DC4AD029B51EC000D83D6C /* Views */,
				94DC4ACF29B51EB900D83D6C /* Service */,
				94DC4A9F29B51E6B00D83D6C /* AppDelegate.swift */,
				94DC4AA129B51E6B00D83D6C /* SceneDelegate.swift */,
				94DC4AA829B51E6C00D83D6C /* Assets.xcassets */,
				94DC4AAA29B51E6C00D83D6C /* LaunchScreen.storyboard */,
				94DC4AAD29B51E6C00D83D6C /* Info.plist */,
			);
			path = RickAndMortyProtocol;
			sourceTree = "<group>";
		};
		94DC4AB529B51E6C00D83D6C /* RickAndMortyProtocolTests */ = {
			isa = PBXGroup;
			children = (
				94DC4AB629B51E6C00D83D6C /* RickAndMortyProtocolTests.swift */,
			);
			path = RickAndMortyProtocolTests;
			sourceTree = "<group>";
		};
		94DC4ABF29B51E6C00D83D6C /* RickAndMortyProtocolUITests */ = {
			isa = PBXGroup;
			children = (
				94DC4AC029B51E6C00D83D6C /* RickAndMortyProtocolUITests.swift */,
				94DC4AC229B51E6C00D83D6C /* RickAndMortyProtocolUITestsLaunchTests.swift */,
			);
			path = RickAndMortyProtocolUITests;
			sourceTree = "<group>";
		};
		94DC4ACF29B51EB900D83D6C /* Service */ = {
			isa = PBXGroup;
			children = (
				94DC4AD129B51EEA00D83D6C /* RickAndMortyService.swift */,
			);
			path = Service;
			sourceTree = "<group>";
		};
		94DC4AD029B51EC000D83D6C /* Views */ = {
			isa = PBXGroup;
			children = (
				94DC4B7429BE016100D83D6C /* Detail */,
				94DC4B7329BE015000D83D6C /* Root */,
				94DC4B6E29BDEEEA00D83D6C /* UIView+Ext.swift */,
			);
			path = Views;
			sourceTree = "<group>";
		};
		94DC4AD329B5215400D83D6C /* Models */ = {
			isa = PBXGroup;
			children = (
				94DC4AD429B5216100D83D6C /* RickAndMortyModel.swift */,
				94DC4B7929BE0B2A00D83D6C /* RickAndMortyDetailModel.swift */,
			);
			path = Models;
			sourceTree = "<group>";
		};
		94DC4AD629B522DC00D83D6C /* ViewModels */ = {
			isa = PBXGroup;
			children = (
				94DC4AD729B522ED00D83D6C /* RootViewModel.swift */,
				94DC4B7729BE094F00D83D6C /* DetailViewModel.swift */,
			);
			path = ViewModels;
			sourceTree = "<group>";
		};
		94DC4B7329BE015000D83D6C /* Root */ = {
			isa = PBXGroup;
			children = (
				94DC4AA329B51E6B00D83D6C /* RootViewController.swift */,
				94DC4B6C29BDEC6D00D83D6C /* RickAndMortyTableViewCell.swift */,
			);
			path = Root;
			sourceTree = "<group>";
		};
		94DC4B7429BE016100D83D6C /* Detail */ = {
			isa = PBXGroup;
			children = (
				94DC4B7529BE018300D83D6C /* DetailViewController.swift */,
			);
			path = Detail;
			sourceTree = "<group>";
		};
/* End PBXGroup section */

/* Begin PBXNativeTarget section */
		94DC4A9B29B51E6B00D83D6C /* RickAndMortyProtocol */ = {
			isa = PBXNativeTarget;
			buildConfigurationList = 94DC4AC629B51E6C00D83D6C /* Build configuration list for PBXNativeTarget "RickAndMortyProtocol" */;
			buildPhases = (
				94DC4A9829B51E6B00D83D6C /* Sources */,
				94DC4A9929B51E6B00D83D6C /* Frameworks */,
				94DC4A9A29B51E6B00D83D6C /* Resources */,
			);
			buildRules = (
			);
			dependencies = (
			);
			name = RickAndMortyProtocol;
			packageProductDependencies = (
				94DC4B7129BDF1A900D83D6C /* Kingfisher */,
			);
			productName = RickAndMortyProtocol;
			productReference = 94DC4A9C29B51E6B00D83D6C /* RickAndMortyProtocol.app */;
			productType = "com.apple.product-type.application";
		};
		94DC4AB129B51E6C00D83D6C /* RickAndMortyProtocolTests */ = {
			isa = PBXNativeTarget;
			buildConfigurationList = 94DC4AC929B51E6C00D83D6C /* Build configuration list for PBXNativeTarget "RickAndMortyProtocolTests" */;
			buildPhases = (
				94DC4AAE29B51E6C00D83D6C /* Sources */,
				94DC4AAF29B51E6C00D83D6C /* Frameworks */,
				94DC4AB029B51E6C00D83D6C /* Resources */,
			);
			buildRules = (
			);
			dependencies = (
				94DC4AB429B51E6C00D83D6C /* PBXTargetDependency */,
			);
			name = RickAndMortyProtocolTests;
			productName = RickAndMortyProtocolTests;
			productReference = 94DC4AB229B51E6C00D83D6C /* RickAndMortyProtocolTests.xctest */;
			productType = "com.apple.product-type.bundle.unit-test";
		};
		94DC4ABB29B51E6C00D83D6C /* RickAndMortyProtocolUITests */ = {
			isa = PBXNativeTarget;
			buildConfigurationList = 94DC4ACC29B51E6C00D83D6C /* Build configuration list for PBXNativeTarget "RickAndMortyProtocolUITests" */;
			buildPhases = (
				94DC4AB829B51E6C00D83D6C /* Sources */,
				94DC4AB929B51E6C00D83D6C /* Frameworks */,
				94DC4ABA29B51E6C00D83D6C /* Resources */,
			);
			buildRules = (
			);
			dependencies = (
				94DC4ABE29B51E6C00D83D6C /* PBXTargetDependency */,
			);
			name = RickAndMortyProtocolUITests;
			productName = RickAndMortyProtocolUITests;
			productReference = 94DC4ABC29B51E6C00D83D6C /* RickAndMortyProtocolUITests.xctest */;
			productType = "com.apple.product-type.bundle.ui-testing";
		};
/* End PBXNativeTarget section */

/* Begin PBXProject section */
		94DC4A9429B51E6B00D83D6C /* Project object */ = {
			isa = PBXProject;
			attributes = {
				BuildIndependentTargetsInParallel = 1;
				LastSwiftUpdateCheck = 1420;
				LastUpgradeCheck = 1420;
				TargetAttributes = {
					94DC4A9B29B51E6B00D83D6C = {
						CreatedOnToolsVersion = 14.2;
					};
					94DC4AB129B51E6C00D83D6C = {
						CreatedOnToolsVersion = 14.2;
						TestTargetID = 94DC4A9B29B51E6B00D83D6C;
					};
					94DC4ABB29B51E6C00D83D6C = {
						CreatedOnToolsVersion = 14.2;
						TestTargetID = 94DC4A9B29B51E6B00D83D6C;
					};
				};
			};
			buildConfigurationList = 94DC4A9729B51E6B00D83D6C /* Build configuration list for PBXProject "RickAndMortyProtocol" */;
			compatibilityVersion = "Xcode 14.0";
			developmentRegion = en;
			hasScannedForEncodings = 0;
			knownRegions = (
				en,
				Base,
			);
			mainGroup = 94DC4A9329B51E6B00D83D6C;
			packageReferences = (
				94DC4B7029BDF1A900D83D6C /* XCRemoteSwiftPackageReference "Kingfisher" */,
			);
			productRefGroup = 94DC4A9D29B51E6B00D83D6C /* Products */;
			projectDirPath = "";
			projectRoot = "";
			targets = (
				94DC4A9B29B51E6B00D83D6C /* RickAndMortyProtocol */,
				94DC4AB129B51E6C00D83D6C /* RickAndMortyProtocolTests */,
				94DC4ABB29B51E6C00D83D6C /* RickAndMortyProtocolUITests */,
			);
		};
/* End PBXProject section */

/* Begin PBXResourcesBuildPhase section */
		94DC4A9A29B51E6B00D83D6C /* Resources */ = {
			isa = PBXResourcesBuildPhase;
			buildActionMask = 2147483647;
			files = (
				94DC4AAC29B51E6C00D83D6C /* LaunchScreen.storyboard in Resources */,
				94DC4AA929B51E6C00D83D6C /* Assets.xcassets in Resources */,
			);
			runOnlyForDeploymentPostprocessing = 0;
		};
		94DC4AB029B51E6C00D83D6C /* Resources */ = {
			isa = PBXResourcesBuildPhase;
			buildActionMask = 2147483647;
			files = (
			);
			runOnlyForDeploymentPostprocessing = 0;
		};
		94DC4ABA29B51E6C00D83D6C /* Resources */ = {
			isa = PBXResourcesBuildPhase;
			buildActionMask = 2147483647;
			files = (
			);
			runOnlyForDeploymentPostprocessing = 0;
		};
/* End PBXResourcesBuildPhase section */

/* Begin PBXSourcesBuildPhase section */
		94DC4A9829B51E6B00D83D6C /* Sources */ = {
			isa = PBXSourcesBuildPhase;
			buildActionMask = 2147483647;
			files = (
				94DC4B7A29BE0B2A00D83D6C /* RickAndMortyDetailModel.swift in Sources */,
				94DC4B7629BE018300D83D6C /* DetailViewController.swift in Sources */,
				94DC4B6F29BDEEEA00D83D6C /* UIView+Ext.swift in Sources */,
				94DC4AD529B5216100D83D6C /* RickAndMortyModel.swift in Sources */,
				94DC4B7829BE094F00D83D6C /* DetailViewModel.swift in Sources */,
				94DC4AD229B51EEA00D83D6C /* RickAndMortyService.swift in Sources */,
				94DC4AA429B51E6B00D83D6C /* RootViewController.swift in Sources */,
				94DC4AA029B51E6B00D83D6C /* AppDelegate.swift in Sources */,
				94DC4AA229B51E6B00D83D6C /* SceneDelegate.swift in Sources */,
				94DC4B6D29BDEC6D00D83D6C /* RickAndMortyTableViewCell.swift in Sources */,
				94DC4AD829B522ED00D83D6C /* RootViewModel.swift in Sources */,
			);
			runOnlyForDeploymentPostprocessing = 0;
		};
		94DC4AAE29B51E6C00D83D6C /* Sources */ = {
			isa = PBXSourcesBuildPhase;
			buildActionMask = 2147483647;
			files = (
				94DC4AB729B51E6C00D83D6C /* RickAndMortyProtocolTests.swift in Sources */,
			);
			runOnlyForDeploymentPostprocessing = 0;
		};
		94DC4AB829B51E6C00D83D6C /* Sources */ = {
			isa = PBXSourcesBuildPhase;
			buildActionMask = 2147483647;
			files = (
				94DC4AC129B51E6C00D83D6C /* RickAndMortyProtocolUITests.swift in Sources */,
				94DC4AC329B51E6C00D83D6C /* RickAndMortyProtocolUITestsLaunchTests.swift in Sources */,
			);
			runOnlyForDeploymentPostprocessing = 0;
		};
/* End PBXSourcesBuildPhase section */

/* Begin PBXTargetDependency section */
		94DC4AB429B51E6C00D83D6C /* PBXTargetDependency */ = {
			isa = PBXTargetDependency;
			target = 94DC4A9B29B51E6B00D83D6C /* RickAndMortyProtocol */;
			targetProxy = 94DC4AB329B51E6C00D83D6C /* PBXContainerItemProxy */;
		};
		94DC4ABE29B51E6C00D83D6C /* PBXTargetDependency */ = {
			isa = PBXTargetDependency;
			target = 94DC4A9B29B51E6B00D83D6C /* RickAndMortyProtocol */;
			targetProxy = 94DC4ABD29B51E6C00D83D6C /* PBXContainerItemProxy */;
		};
/* End PBXTargetDependency section */

/* Begin PBXVariantGroup section */
		94DC4AAA29B51E6C00D83D6C /* LaunchScreen.storyboard */ = {
			isa = PBXVariantGroup;
			children = (
				94DC4AAB29B51E6C00D83D6C /* Base */,
			);
			name = LaunchScreen.storyboard;
			sourceTree = "<group>";
		};
/* End PBXVariantGroup section */

/* Begin XCBuildConfiguration section */
		94DC4AC429B51E6C00D83D6C /* Debug */ = {
			isa = XCBuildConfiguration;
			buildSettings = {
				ALWAYS_SEARCH_USER_PATHS = NO;
				CLANG_ANALYZER_NONNULL = YES;
				CLANG_ANALYZER_NUMBER_OBJECT_CONVERSION = YES_AGGRESSIVE;
				CLANG_CXX_LANGUAGE_STANDARD = "gnu++20";
				CLANG_ENABLE_MODULES = YES;
				CLANG_ENABLE_OBJC_ARC = YES;
				CLANG_ENABLE_OBJC_WEAK = YES;
				CLANG_WARN_BLOCK_CAPTURE_AUTORELEASING = YES;
				CLANG_WARN_BOOL_CONVERSION = YES;
				CLANG_WARN_COMMA = YES;
				CLANG_WARN_CONSTANT_CONVERSION = YES;
				CLANG_WARN_DEPRECATED_OBJC_IMPLEMENTATIONS = YES;
				CLANG_WARN_DIRECT_OBJC_ISA_USAGE = YES_ERROR;
				CLANG_WARN_DOCUMENTATION_COMMENTS = YES;
				CLANG_WARN_EMPTY_BODY = YES;
				CLANG_WARN_ENUM_CONVERSION = YES;
				CLANG_WARN_INFINITE_RECURSION = YES;
				CLANG_WARN_INT_CONVERSION = YES;
				CLANG_WARN_NON_LITERAL_NULL_CONVERSION = YES;
				CLANG_WARN_OBJC_IMPLICIT_RETAIN_SELF = YES;
				CLANG_WARN_OBJC_LITERAL_CONVERSION = YES;
				CLANG_WARN_OBJC_ROOT_CLASS = YES_ERROR;
				CLANG_WARN_QUOTED_INCLUDE_IN_FRAMEWORK_HEADER = YES;
				CLANG_WARN_RANGE_LOOP_ANALYSIS = YES;
				CLANG_WARN_STRICT_PROTOTYPES = YES;
				CLANG_WARN_SUSPICIOUS_MOVE = YES;
				CLANG_WARN_UNGUARDED_AVAILABILITY = YES_AGGRESSIVE;
				CLANG_WARN_UNREACHABLE_CODE = YES;
				CLANG_WARN__DUPLICATE_METHOD_MATCH = YES;
				COPY_PHASE_STRIP = NO;
				DEBUG_INFORMATION_FORMAT = dwarf;
				ENABLE_STRICT_OBJC_MSGSEND = YES;
				ENABLE_TESTABILITY = YES;
				GCC_C_LANGUAGE_STANDARD = gnu11;
				GCC_DYNAMIC_NO_PIC = NO;
				GCC_NO_COMMON_BLOCKS = YES;
				GCC_OPTIMIZATION_LEVEL = 0;
				GCC_PREPROCESSOR_DEFINITIONS = (
					"DEBUG=1",
					"$(inherited)",
				);
				GCC_WARN_64_TO_32_BIT_CONVERSION = YES;
				GCC_WARN_ABOUT_RETURN_TYPE = YES_ERROR;
				GCC_WARN_UNDECLARED_SELECTOR = YES;
				GCC_WARN_UNINITIALIZED_AUTOS = YES_AGGRESSIVE;
				GCC_WARN_UNUSED_FUNCTION = YES;
				GCC_WARN_UNUSED_VARIABLE = YES;
				IPHONEOS_DEPLOYMENT_TARGET = 16.2;
				MTL_ENABLE_DEBUG_INFO = INCLUDE_SOURCE;
				MTL_FAST_MATH = YES;
				ONLY_ACTIVE_ARCH = YES;
				SDKROOT = iphoneos;
				SWIFT_ACTIVE_COMPILATION_CONDITIONS = DEBUG;
				SWIFT_OPTIMIZATION_LEVEL = "-Onone";
			};
			name = Debug;
		};
		94DC4AC529B51E6C00D83D6C /* Release */ = {
			isa = XCBuildConfiguration;
			buildSettings = {
				ALWAYS_SEARCH_USER_PATHS = NO;
				CLANG_ANALYZER_NONNULL = YES;
				CLANG_ANALYZER_NUMBER_OBJECT_CONVERSION = YES_AGGRESSIVE;
				CLANG_CXX_LANGUAGE_STANDARD = "gnu++20";
				CLANG_ENABLE_MODULES = YES;
				CLANG_ENABLE_OBJC_ARC = YES;
				CLANG_ENABLE_OBJC_WEAK = YES;
				CLANG_WARN_BLOCK_CAPTURE_AUTORELEASING = YES;
				CLANG_WARN_BOOL_CONVERSION = YES;
				CLANG_WARN_COMMA = YES;
				CLANG_WARN_CONSTANT_CONVERSION = YES;
				CLANG_WARN_DEPRECATED_OBJC_IMPLEMENTATIONS = YES;
				CLANG_WARN_DIRECT_OBJC_ISA_USAGE = YES_ERROR;
				CLANG_WARN_DOCUMENTATION_COMMENTS = YES;
				CLANG_WARN_EMPTY_BODY = YES;
				CLANG_WARN_ENUM_CONVERSION = YES;
				CLANG_WARN_INFINITE_RECURSION = YES;
				CLANG_WARN_INT_CONVERSION = YES;
				CLANG_WARN_NON_LITERAL_NULL_CONVERSION = YES;
				CLANG_WARN_OBJC_IMPLICIT_RETAIN_SELF = YES;
				CLANG_WARN_OBJC_LITERAL_CONVERSION = YES;
				CLANG_WARN_OBJC_ROOT_CLASS = YES_ERROR;
				CLANG_WARN_QUOTED_INCLUDE_IN_FRAMEWORK_HEADER = YES;
				CLANG_WARN_RANGE_LOOP_ANALYSIS = YES;
				CLANG_WARN_STRICT_PROTOTYPES = YES;
				CLANG_WARN_SUSPICIOUS_MOVE = YES;
				CLANG_WARN_UNGUARDED_AVAILABILITY = YES_AGGRESSIVE;
				CLANG_WARN_UNREACHABLE_CODE = YES;
				CLANG_WARN__DUPLICATE_METHOD_MATCH = YES;
				COPY_PHASE_STRIP = NO;
				DEBUG_INFORMATION_FORMAT = "dwarf-with-dsym";
				ENABLE_NS_ASSERTIONS = NO;
				ENABLE_STRICT_OBJC_MSGSEND = YES;
				GCC_C_LANGUAGE_STANDARD = gnu11;
				GCC_NO_COMMON_BLOCKS = YES;
				GCC_WARN_64_TO_32_BIT_CONVERSION = YES;
				GCC_WARN_ABOUT_RETURN_TYPE = YES_ERROR;
				GCC_WARN_UNDECLARED_SELECTOR = YES;
				GCC_WARN_UNINITIALIZED_AUTOS = YES_AGGRESSIVE;
				GCC_WARN_UNUSED_FUNCTION = YES;
				GCC_WARN_UNUSED_VARIABLE = YES;
				IPHONEOS_DEPLOYMENT_TARGET = 16.2;
				MTL_ENABLE_DEBUG_INFO = NO;
				MTL_FAST_MATH = YES;
				SDKROOT = iphoneos;
				SWIFT_COMPILATION_MODE = wholemodule;
				SWIFT_OPTIMIZATION_LEVEL = "-O";
				VALIDATE_PRODUCT = YES;
			};
			name = Release;
		};
		94DC4AC729B51E6C00D83D6C /* Debug */ = {
			isa = XCBuildConfiguration;
			buildSettings = {
				ASSETCATALOG_COMPILER_APPICON_NAME = AppIcon;
				ASSETCATALOG_COMPILER_GLOBAL_ACCENT_COLOR_NAME = AccentColor;
				CODE_SIGN_STYLE = Automatic;
				CURRENT_PROJECT_VERSION = 1;
				DEVELOPMENT_TEAM = UYU5T657K6;
				GENERATE_INFOPLIST_FILE = YES;
				INFOPLIST_FILE = RickAndMortyProtocol/Info.plist;
				INFOPLIST_KEY_UIApplicationSupportsIndirectInputEvents = YES;
				INFOPLIST_KEY_UILaunchStoryboardName = LaunchScreen;
				INFOPLIST_KEY_UISupportedInterfaceOrientations_iPad = "UIInterfaceOrientationPortrait UIInterfaceOrientationPortraitUpsideDown UIInterfaceOrientationLandscapeLeft UIInterfaceOrientationLandscapeRight";
				INFOPLIST_KEY_UISupportedInterfaceOrientations_iPhone = "UIInterfaceOrientationPortrait UIInterfaceOrientationLandscapeLeft UIInterfaceOrientationLandscapeRight";
				LD_RUNPATH_SEARCH_PATHS = (
					"$(inherited)",
					"@executable_path/Frameworks",
				);
				MARKETING_VERSION = 1.0;
				PRODUCT_BUNDLE_IDENTIFIER = com.kereemsunay.RickAndMortyProtocol;
				PRODUCT_NAME = "$(TARGET_NAME)";
				SWIFT_EMIT_LOC_STRINGS = YES;
				SWIFT_VERSION = 5.0;
				TARGETED_DEVICE_FAMILY = "1,2";
			};
			name = Debug;
		};
		94DC4AC829B51E6C00D83D6C /* Release */ = {
			isa = XCBuildConfiguration;
			buildSettings = {
				ASSETCATALOG_COMPILER_APPICON_NAME = AppIcon;
				ASSETCATALOG_COMPILER_GLOBAL_ACCENT_COLOR_NAME = AccentColor;
				CODE_SIGN_STYLE = Automatic;
				CURRENT_PROJECT_VERSION = 1;
				DEVELOPMENT_TEAM = UYU5T657K6;
				GENERATE_INFOPLIST_FILE = YES;
				INFOPLIST_FILE = RickAndMortyProtocol/Info.plist;
				INFOPLIST_KEY_UIApplicationSupportsIndirectInputEvents = YES;
				INFOPLIST_KEY_UILaunchStoryboardName = LaunchScreen;
				INFOPLIST_KEY_UISupportedInterfaceOrientations_iPad = "UIInterfaceOrientationPortrait UIInterfaceOrientationPortraitUpsideDown UIInterfaceOrientationLandscapeLeft UIInterfaceOrientationLandscapeRight";
				INFOPLIST_KEY_UISupportedInterfaceOrientations_iPhone = "UIInterfaceOrientationPortrait UIInterfaceOrientationLandscapeLeft UIInterfaceOrientationLandscapeRight";
				LD_RUNPATH_SEARCH_PATHS = (
					"$(inherited)",
					"@executable_path/Frameworks",
				);
				MARKETING_VERSION = 1.0;
				PRODUCT_BUNDLE_IDENTIFIER = com.kereemsunay.RickAndMortyProtocol;
				PRODUCT_NAME = "$(TARGET_NAME)";
				SWIFT_EMIT_LOC_STRINGS = YES;
				SWIFT_VERSION = 5.0;
				TARGETED_DEVICE_FAMILY = "1,2";
			};
			name = Release;
		};
		94DC4ACA29B51E6C00D83D6C /* Debug */ = {
			isa = XCBuildConfiguration;
			buildSettings = {
				ALWAYS_EMBED_SWIFT_STANDARD_LIBRARIES = YES;
				BUNDLE_LOADER = "$(TEST_HOST)";
				CODE_SIGN_STYLE = Automatic;
				CURRENT_PROJECT_VERSION = 1;
				DEVELOPMENT_TEAM = UYU5T657K6;
				GENERATE_INFOPLIST_FILE = YES;
				IPHONEOS_DEPLOYMENT_TARGET = 16.2;
				MARKETING_VERSION = 1.0;
				PRODUCT_BUNDLE_IDENTIFIER = com.kereemsunay.RickAndMortyProtocolTests;
				PRODUCT_NAME = "$(TARGET_NAME)";
				SWIFT_EMIT_LOC_STRINGS = NO;
				SWIFT_VERSION = 5.0;
				TARGETED_DEVICE_FAMILY = "1,2";
				TEST_HOST = "$(BUILT_PRODUCTS_DIR)/RickAndMortyProtocol.app/$(BUNDLE_EXECUTABLE_FOLDER_PATH)/RickAndMortyProtocol";
			};
			name = Debug;
		};
		94DC4ACB29B51E6C00D83D6C /* Release */ = {
			isa = XCBuildConfiguration;
			buildSettings = {
				ALWAYS_EMBED_SWIFT_STANDARD_LIBRARIES = YES;
				BUNDLE_LOADER = "$(TEST_HOST)";
				CODE_SIGN_STYLE = Automatic;
				CURRENT_PROJECT_VERSION = 1;
				DEVELOPMENT_TEAM = UYU5T657K6;
				GENERATE_INFOPLIST_FILE = YES;
				IPHONEOS_DEPLOYMENT_TARGET = 16.2;
				MARKETING_VERSION = 1.0;
				PRODUCT_BUNDLE_IDENTIFIER = com.kereemsunay.RickAndMortyProtocolTests;
				PRODUCT_NAME = "$(TARGET_NAME)";
				SWIFT_EMIT_LOC_STRINGS = NO;
				SWIFT_VERSION = 5.0;
				TARGETED_DEVICE_FAMILY = "1,2";
				TEST_HOST = "$(BUILT_PRODUCTS_DIR)/RickAndMortyProtocol.app/$(BUNDLE_EXECUTABLE_FOLDER_PATH)/RickAndMortyProtocol";
			};
			name = Release;
		};
		94DC4ACD29B51E6C00D83D6C /* Debug */ = {
			isa = XCBuildConfiguration;
			buildSettings = {
				ALWAYS_EMBED_SWIFT_STANDARD_LIBRARIES = YES;
				CODE_SIGN_STYLE = Automatic;
				CURRENT_PROJECT_VERSION = 1;
				DEVELOPMENT_TEAM = UYU5T657K6;
				GENERATE_INFOPLIST_FILE = YES;
				MARKETING_VERSION = 1.0;
				PRODUCT_BUNDLE_IDENTIFIER = com.kereemsunay.RickAndMortyProtocolUITests;
				PRODUCT_NAME = "$(TARGET_NAME)";
				SWIFT_EMIT_LOC_STRINGS = NO;
				SWIFT_VERSION = 5.0;
				TARGETED_DEVICE_FAMILY = "1,2";
				TEST_TARGET_NAME = RickAndMortyProtocol;
			};
			name = Debug;
		};
		94DC4ACE29B51E6C00D83D6C /* Release */ = {
			isa = XCBuildConfiguration;
			buildSettings = {
				ALWAYS_EMBED_SWIFT_STANDARD_LIBRARIES = YES;
				CODE_SIGN_STYLE = Automatic;
				CURRENT_PROJECT_VERSION = 1;
				DEVELOPMENT_TEAM = UYU5T657K6;
				GENERATE_INFOPLIST_FILE = YES;
				MARKETING_VERSION = 1.0;
				PRODUCT_BUNDLE_IDENTIFIER = com.kereemsunay.RickAndMortyProtocolUITests;
				PRODUCT_NAME = "$(TARGET_NAME)";
				SWIFT_EMIT_LOC_STRINGS = NO;
				SWIFT_VERSION = 5.0;
				TARGETED_DEVICE_FAMILY = "1,2";
				TEST_TARGET_NAME = RickAndMortyProtocol;
			};
			name = Release;
		};
/* End XCBuildConfiguration section */

/* Begin XCConfigurationList section */
		94DC4A9729B51E6B00D83D6C /* Build configuration list for PBXProject "RickAndMortyProtocol" */ = {
			isa = XCConfigurationList;
			buildConfigurations = (
				94DC4AC429B51E6C00D83D6C /* Debug */,
				94DC4AC529B51E6C00D83D6C /* Release */,
			);
			defaultConfigurationIsVisible = 0;
			defaultConfigurationName = Release;
		};
		94DC4AC629B51E6C00D83D6C /* Build configuration list for PBXNativeTarget "RickAndMortyProtocol" */ = {
			isa = XCConfigurationList;
			buildConfigurations = (
				94DC4AC729B51E6C00D83D6C /* Debug */,
				94DC4AC829B51E6C00D83D6C /* Release */,
			);
			defaultConfigurationIsVisible = 0;
			defaultConfigurationName = Release;
		};
		94DC4AC929B51E6C00D83D6C /* Build configuration list for PBXNativeTarget "RickAndMortyProtocolTests" */ = {
			isa = XCConfigurationList;
			buildConfigurations = (
				94DC4ACA29B51E6C00D83D6C /* Debug */,
				94DC4ACB29B51E6C00D83D6C /* Release */,
			);
			defaultConfigurationIsVisible = 0;
			defaultConfigurationName = Release;
		};
		94DC4ACC29B51E6C00D83D6C /* Build configuration list for PBXNativeTarget "RickAndMortyProtocolUITests" */ = {
			isa = XCConfigurationList;
			buildConfigurations = (
				94DC4ACD29B51E6C00D83D6C /* Debug */,
				94DC4ACE29B51E6C00D83D6C /* Release */,
			);
			defaultConfigurationIsVisible = 0;
			defaultConfigurationName = Release;
		};
/* End XCConfigurationList section */

/* Begin XCRemoteSwiftPackageReference section */
		94DC4B7029BDF1A900D83D6C /* XCRemoteSwiftPackageReference "Kingfisher" */ = {
			isa = XCRemoteSwiftPackageReference;
			repositoryURL = "https://github.com/onevcat/Kingfisher.git";
			requirement = {
				kind = upToNextMajorVersion;
				minimumVersion = 7.0.0;
			};
		};
/* End XCRemoteSwiftPackageReference section */

/* Begin XCSwiftPackageProductDependency section */
		94DC4B7129BDF1A900D83D6C /* Kingfisher */ = {
			isa = XCSwiftPackageProductDependency;
			package = 94DC4B7029BDF1A900D83D6C /* XCRemoteSwiftPackageReference "Kingfisher" */;
			productName = Kingfisher;
		};
/* End XCSwiftPackageProductDependency section */
	};
	rootObject = 94DC4A9429B51E6B00D83D6C /* Project object */;
}
